
Microsoft Visual Studio Solution File, Format Version 11.00
# Visual Studio 2010
Project("{8BC9CEB8-8B4A-11D0-8D11-00A0C91BC942}") = "PCLDLL", "PCLDLL\PCLDLL.vcxproj", "{029C5131-1DE7-46A3-8768-1D9A27207467}"
EndProject
Global
	GlobalSection(SolutionConfigurationPlatforms) = preSolution
		Debug|Win32 = Debug|Win32
		Release|Win32 = Release|Win32
	EndGlobalSection
	GlobalSection(ProjectConfigurationPlatforms) = postSolution
		{029C5131-1DE7-46A3-8768-1D9A27207467}.Debug|Win32.ActiveCfg = Debug|Win32
		{029C5131-1DE7-46A3-8768-1D9A27207467}.Debug|Win32.Build.0 = Debug|Win32
		{029C5131-1DE7-46A3-8768-1D9A27207467}.Release|Win32.ActiveCfg = Release|Win32
		{029C5131-1DE7-46A3-8768-1D9A27207467}.Release|Win32.Build.0 = Release|Win32
	EndGlobalSection
	GlobalSection(SolutionProperties) = preSolution
		HideSolutionNode = FALSE
	EndGlobalSection
EndGlobal
